// !$*UTF8*$!
{
	archiveVersion = 1;
	classes = {
	};
	objectVersion = 56;
	objects = {

/* Begin PBXBuildFile section */
		441D140C2B48FAAF00A051B7 /* formatters.swift in Sources */ = {isa = PBXBuildFile; fileRef = 441D140B2B48FAAF00A051B7 /* formatters.swift */; };
		441D140E2B48FDDB00A051B7 /* AssetTokenCellView.swift in Sources */ = {isa = PBXBuildFile; fileRef = 441D140D2B48FDDB00A051B7 /* AssetTokenCellView.swift */; };
		441D14102B49000300A051B7 /* BottomNavigationBarView.swift in Sources */ = {isa = PBXBuildFile; fileRef = 441D140F2B49000300A051B7 /* BottomNavigationBarView.swift */; };
		441D14122B49040F00A051B7 /* SettingsView.swift in Sources */ = {isa = PBXBuildFile; fileRef = 441D14112B49040F00A051B7 /* SettingsView.swift */; };
		442F36DE2B5205CD0013DC96 /* TestViewTwo.swift in Sources */ = {isa = PBXBuildFile; fileRef = 442F36DD2B5205CD0013DC96 /* TestViewTwo.swift */; };
		442F36E12B526CA90013DC96 /* ChartTabView.swift in Sources */ = {isa = PBXBuildFile; fileRef = 442F36E02B526CA90013DC96 /* ChartTabView.swift */; };
		442F36E52B5604A70013DC96 /* AssetsView.swift in Sources */ = {isa = PBXBuildFile; fileRef = 442F36E42B5604A70013DC96 /* AssetsView.swift */; };
		442F36E72B565A420013DC96 /* GetTokenImageApi.swift in Sources */ = {isa = PBXBuildFile; fileRef = 442F36E62B565A420013DC96 /* GetTokenImageApi.swift */; };
		442F36EB2B5733ED0013DC96 /* AssetEthCellView.swift in Sources */ = {isa = PBXBuildFile; fileRef = 442F36EA2B5733ED0013DC96 /* AssetEthCellView.swift */; };
		442F36EE2B58B4160013DC96 /* CustomizedWidges.swift in Sources */ = {isa = PBXBuildFile; fileRef = 442F36ED2B58B4160013DC96 /* CustomizedWidges.swift */; };
		442F36F02B5A0ABA0013DC96 /* record.swift in Sources */ = {isa = PBXBuildFile; fileRef = 442F36EF2B5A0ABA0013DC96 /* record.swift */; };
		442F36F42B5A0D410013DC96 /* BalanceChartView.swift in Sources */ = {isa = PBXBuildFile; fileRef = 442F36F32B5A0D410013DC96 /* BalanceChartView.swift */; };
		442F36F62B5A36030013DC96 /* ActivityDetailView.swift in Sources */ = {isa = PBXBuildFile; fileRef = 442F36F52B5A36030013DC96 /* ActivityDetailView.swift */; };
		442F36F82B5E0A070013DC96 /* Color.swift in Sources */ = {isa = PBXBuildFile; fileRef = 442F36F72B5E0A070013DC96 /* Color.swift */; };
		442F36FF2B5E0D530013DC96 /* CrossButtonView.swift in Sources */ = {isa = PBXBuildFile; fileRef = 442F36FE2B5E0D530013DC96 /* CrossButtonView.swift */; };
		442F37022B5E19110013DC96 /* BalanceChartViewModel.swift in Sources */ = {isa = PBXBuildFile; fileRef = 442F37012B5E19110013DC96 /* BalanceChartViewModel.swift */; };
		442F37042B5ED66A0013DC96 /* WalletInfoViewModel.swift in Sources */ = {isa = PBXBuildFile; fileRef = 442F37032B5ED66A0013DC96 /* WalletInfoViewModel.swift */; };
		442F37082B6015C30013DC96 /* SharedDataModel.swift in Sources */ = {isa = PBXBuildFile; fileRef = 442F37072B6015C30013DC96 /* SharedDataModel.swift */; };
		442F370A2B60396E0013DC96 /* LargeTitleView.swift in Sources */ = {isa = PBXBuildFile; fileRef = 442F37092B60396E0013DC96 /* LargeTitleView.swift */; };
		442F370C2B6048540013DC96 /* BalanceView.swift in Sources */ = {isa = PBXBuildFile; fileRef = 442F370B2B6048540013DC96 /* BalanceView.swift */; };
		4499E8A52B43DF500077CBEB /* AssetActivityTabView.swift in Sources */ = {isa = PBXBuildFile; fileRef = 4499E8A42B43DF500077CBEB /* AssetActivityTabView.swift */; };
		4499E8A72B43E4EC0077CBEB /* ActivityView.swift in Sources */ = {isa = PBXBuildFile; fileRef = 4499E8A62B43E4EC0077CBEB /* ActivityView.swift */; };
		449C55C82B44776C005E1593 /* ActivityReceiveCell.swift in Sources */ = {isa = PBXBuildFile; fileRef = 449C55C72B44776C005E1593 /* ActivityReceiveCell.swift */; };
		449C55CB2B44F8D9005E1593 /* ActivitySendCell.swift in Sources */ = {isa = PBXBuildFile; fileRef = 449C55CA2B44F8D9005E1593 /* ActivitySendCell.swift */; };
		449C55CD2B44F939005E1593 /* ActivitySwapCell.swift in Sources */ = {isa = PBXBuildFile; fileRef = 449C55CC2B44F939005E1593 /* ActivitySwapCell.swift */; };
		449C55CF2B44FA67005E1593 /* ActivityApproveCell.swift in Sources */ = {isa = PBXBuildFile; fileRef = 449C55CE2B44FA67005E1593 /* ActivityApproveCell.swift */; };
		449C55D52B45FCFC005E1593 /* TestView.swift in Sources */ = {isa = PBXBuildFile; fileRef = 449C55D42B45FCFC005E1593 /* TestView.swift */; };
		449C55D72B463DEE005E1593 /* ImportWalletView.swift in Sources */ = {isa = PBXBuildFile; fileRef = 449C55D62B463DEE005E1593 /* ImportWalletView.swift */; };
		449C55D92B463E3B005E1593 /* BottomSheetView.swift in Sources */ = {isa = PBXBuildFile; fileRef = 449C55D82B463E3B005E1593 /* BottomSheetView.swift */; };
		44D3CF5C2B3A275700DAE5C9 /* CryptoPortfolioTrackerApp.swift in Sources */ = {isa = PBXBuildFile; fileRef = 44D3CF5B2B3A275700DAE5C9 /* CryptoPortfolioTrackerApp.swift */; };
		44D3CF5E2B3A275700DAE5C9 /* ContentView.swift in Sources */ = {isa = PBXBuildFile; fileRef = 44D3CF5D2B3A275700DAE5C9 /* ContentView.swift */; };
		44D3CF602B3A275800DAE5C9 /* Assets.xcassets in Resources */ = {isa = PBXBuildFile; fileRef = 44D3CF5F2B3A275800DAE5C9 /* Assets.xcassets */; };
		44D3CF632B3A275800DAE5C9 /* Preview Assets.xcassets in Resources */ = {isa = PBXBuildFile; fileRef = 44D3CF622B3A275800DAE5C9 /* Preview Assets.xcassets */; };
		44D3CF6F2B3BD06500DAE5C9 /* GetBalanceApi.swift in Sources */ = {isa = PBXBuildFile; fileRef = 44D3CF6E2B3BD06500DAE5C9 /* GetBalanceApi.swift */; };
		44D3CF712B3BE48B00DAE5C9 /* confi.swift in Sources */ = {isa = PBXBuildFile; fileRef = 44D3CF702B3BE48B00DAE5C9 /* confi.swift */; };
		44D3CF732B3BE7DE00DAE5C9 /* Errors.swift in Sources */ = {isa = PBXBuildFile; fileRef = 44D3CF722B3BE7DE00DAE5C9 /* Errors.swift */; };
		44EB87452B47219800EBF063 /* StartView.swift in Sources */ = {isa = PBXBuildFile; fileRef = 44EB87442B47219800EBF063 /* StartView.swift */; };
		44EB87492B47CF2100EBF063 /* GetWalletInfoApi.swift in Sources */ = {isa = PBXBuildFile; fileRef = 44EB87482B47CF2100EBF063 /* GetWalletInfoApi.swift */; };
		44F3D6392B428EF800801719 /* GetActivitiesApi.swift in Sources */ = {isa = PBXBuildFile; fileRef = 44F3D6382B428EF800801719 /* GetActivitiesApi.swift */; };
		44F3D63C2B43444600801719 /* AccountCellView.swift in Sources */ = {isa = PBXBuildFile; fileRef = 44F3D63B2B43444600801719 /* AccountCellView.swift */; };
		44F3D6402B43ABAD00801719 /* AccountDetailView.swift in Sources */ = {isa = PBXBuildFile; fileRef = 44F3D63F2B43ABAD00801719 /* AccountDetailView.swift */; };
/* End PBXBuildFile section */

/* Begin PBXFileReference section */
		441D140B2B48FAAF00A051B7 /* formatters.swift */ = {isa = PBXFileReference; lastKnownFileType = sourcecode.swift; path = formatters.swift; sourceTree = "<group>"; };
		441D140D2B48FDDB00A051B7 /* AssetTokenCellView.swift */ = {isa = PBXFileReference; lastKnownFileType = sourcecode.swift; path = AssetTokenCellView.swift; sourceTree = "<group>"; };
		441D140F2B49000300A051B7 /* BottomNavigationBarView.swift */ = {isa = PBXFileReference; lastKnownFileType = sourcecode.swift; path = BottomNavigationBarView.swift; sourceTree = "<group>"; };
		441D14112B49040F00A051B7 /* SettingsView.swift */ = {isa = PBXFileReference; lastKnownFileType = sourcecode.swift; path = SettingsView.swift; sourceTree = "<group>"; };
		442F36DD2B5205CD0013DC96 /* TestViewTwo.swift */ = {isa = PBXFileReference; lastKnownFileType = sourcecode.swift; path = TestViewTwo.swift; sourceTree = "<group>"; };
		442F36E02B526CA90013DC96 /* ChartTabView.swift */ = {isa = PBXFileReference; lastKnownFileType = sourcecode.swift; path = ChartTabView.swift; sourceTree = "<group>"; };
		442F36E42B5604A70013DC96 /* AssetsView.swift */ = {isa = PBXFileReference; lastKnownFileType = sourcecode.swift; path = AssetsView.swift; sourceTree = "<group>"; };
		442F36E62B565A420013DC96 /* GetTokenImageApi.swift */ = {isa = PBXFileReference; lastKnownFileType = sourcecode.swift; path = GetTokenImageApi.swift; sourceTree = "<group>"; };
		442F36EA2B5733ED0013DC96 /* AssetEthCellView.swift */ = {isa = PBXFileReference; lastKnownFileType = sourcecode.swift; path = AssetEthCellView.swift; sourceTree = "<group>"; };
		442F36ED2B58B4160013DC96 /* CustomizedWidges.swift */ = {isa = PBXFileReference; lastKnownFileType = sourcecode.swift; path = CustomizedWidges.swift; sourceTree = "<group>"; };
		442F36EF2B5A0ABA0013DC96 /* record.swift */ = {isa = PBXFileReference; lastKnownFileType = sourcecode.swift; path = record.swift; sourceTree = "<group>"; };
		442F36F32B5A0D410013DC96 /* BalanceChartView.swift */ = {isa = PBXFileReference; lastKnownFileType = sourcecode.swift; path = BalanceChartView.swift; sourceTree = "<group>"; };
		442F36F52B5A36030013DC96 /* ActivityDetailView.swift */ = {isa = PBXFileReference; lastKnownFileType = sourcecode.swift; path = ActivityDetailView.swift; sourceTree = "<group>"; };
		442F36F72B5E0A070013DC96 /* Color.swift */ = {isa = PBXFileReference; lastKnownFileType = sourcecode.swift; path = Color.swift; sourceTree = "<group>"; };
		442F36FE2B5E0D530013DC96 /* CrossButtonView.swift */ = {isa = PBXFileReference; lastKnownFileType = sourcecode.swift; path = CrossButtonView.swift; sourceTree = "<group>"; };
		442F37012B5E19110013DC96 /* BalanceChartViewModel.swift */ = {isa = PBXFileReference; lastKnownFileType = sourcecode.swift; path = BalanceChartViewModel.swift; sourceTree = "<group>"; };
		442F37032B5ED66A0013DC96 /* WalletInfoViewModel.swift */ = {isa = PBXFileReference; lastKnownFileType = sourcecode.swift; path = WalletInfoViewModel.swift; sourceTree = "<group>"; };
		442F37072B6015C30013DC96 /* SharedDataModel.swift */ = {isa = PBXFileReference; lastKnownFileType = sourcecode.swift; path = SharedDataModel.swift; sourceTree = "<group>"; };
		442F37092B60396E0013DC96 /* LargeTitleView.swift */ = {isa = PBXFileReference; lastKnownFileType = sourcecode.swift; path = LargeTitleView.swift; sourceTree = "<group>"; };
		442F370B2B6048540013DC96 /* BalanceView.swift */ = {isa = PBXFileReference; lastKnownFileType = sourcecode.swift; path = BalanceView.swift; sourceTree = "<group>"; };
		4499E8A42B43DF500077CBEB /* AssetActivityTabView.swift */ = {isa = PBXFileReference; lastKnownFileType = sourcecode.swift; path = AssetActivityTabView.swift; sourceTree = "<group>"; };
		4499E8A62B43E4EC0077CBEB /* ActivityView.swift */ = {isa = PBXFileReference; lastKnownFileType = sourcecode.swift; path = ActivityView.swift; sourceTree = "<group>"; };
		449C55C72B44776C005E1593 /* ActivityReceiveCell.swift */ = {isa = PBXFileReference; lastKnownFileType = sourcecode.swift; path = ActivityReceiveCell.swift; sourceTree = "<group>"; };
		449C55CA2B44F8D9005E1593 /* ActivitySendCell.swift */ = {isa = PBXFileReference; lastKnownFileType = sourcecode.swift; path = ActivitySendCell.swift; sourceTree = "<group>"; };
		449C55CC2B44F939005E1593 /* ActivitySwapCell.swift */ = {isa = PBXFileReference; lastKnownFileType = sourcecode.swift; path = ActivitySwapCell.swift; sourceTree = "<group>"; };
		449C55CE2B44FA67005E1593 /* ActivityApproveCell.swift */ = {isa = PBXFileReference; lastKnownFileType = sourcecode.swift; path = ActivityApproveCell.swift; sourceTree = "<group>"; };
		449C55D42B45FCFC005E1593 /* TestView.swift */ = {isa = PBXFileReference; lastKnownFileType = sourcecode.swift; path = TestView.swift; sourceTree = "<group>"; };
		449C55D62B463DEE005E1593 /* ImportWalletView.swift */ = {isa = PBXFileReference; lastKnownFileType = sourcecode.swift; path = ImportWalletView.swift; sourceTree = "<group>"; };
		449C55D82B463E3B005E1593 /* BottomSheetView.swift */ = {isa = PBXFileReference; lastKnownFileType = sourcecode.swift; path = BottomSheetView.swift; sourceTree = "<group>"; };
		44D3CF582B3A275700DAE5C9 /* CryptoPortfolioTracker.app */ = {isa = PBXFileReference; explicitFileType = wrapper.application; includeInIndex = 0; path = CryptoPortfolioTracker.app; sourceTree = BUILT_PRODUCTS_DIR; };
		44D3CF5B2B3A275700DAE5C9 /* CryptoPortfolioTrackerApp.swift */ = {isa = PBXFileReference; lastKnownFileType = sourcecode.swift; path = CryptoPortfolioTrackerApp.swift; sourceTree = "<group>"; };
		44D3CF5D2B3A275700DAE5C9 /* ContentView.swift */ = {isa = PBXFileReference; lastKnownFileType = sourcecode.swift; path = ContentView.swift; sourceTree = "<group>"; };
		44D3CF5F2B3A275800DAE5C9 /* Assets.xcassets */ = {isa = PBXFileReference; lastKnownFileType = folder.assetcatalog; path = Assets.xcassets; sourceTree = "<group>"; };
		44D3CF622B3A275800DAE5C9 /* Preview Assets.xcassets */ = {isa = PBXFileReference; lastKnownFileType = folder.assetcatalog; path = "Preview Assets.xcassets"; sourceTree = "<group>"; };
		44D3CF6E2B3BD06500DAE5C9 /* GetBalanceApi.swift */ = {isa = PBXFileReference; lastKnownFileType = sourcecode.swift; path = GetBalanceApi.swift; sourceTree = "<group>"; };
		44D3CF702B3BE48B00DAE5C9 /* confi.swift */ = {isa = PBXFileReference; lastKnownFileType = sourcecode.swift; path = confi.swift; sourceTree = "<group>"; };
		44D3CF722B3BE7DE00DAE5C9 /* Errors.swift */ = {isa = PBXFileReference; lastKnownFileType = sourcecode.swift; path = Errors.swift; sourceTree = "<group>"; };
		44EB87442B47219800EBF063 /* StartView.swift */ = {isa = PBXFileReference; lastKnownFileType = sourcecode.swift; path = StartView.swift; sourceTree = "<group>"; };
		44EB87482B47CF2100EBF063 /* GetWalletInfoApi.swift */ = {isa = PBXFileReference; lastKnownFileType = sourcecode.swift; path = GetWalletInfoApi.swift; sourceTree = "<group>"; };
		44F3D6382B428EF800801719 /* GetActivitiesApi.swift */ = {isa = PBXFileReference; lastKnownFileType = sourcecode.swift; path = GetActivitiesApi.swift; sourceTree = "<group>"; };
		44F3D63B2B43444600801719 /* AccountCellView.swift */ = {isa = PBXFileReference; lastKnownFileType = sourcecode.swift; path = AccountCellView.swift; sourceTree = "<group>"; };
		44F3D63F2B43ABAD00801719 /* AccountDetailView.swift */ = {isa = PBXFileReference; lastKnownFileType = sourcecode.swift; path = AccountDetailView.swift; sourceTree = "<group>"; };
/* End PBXFileReference section */

/* Begin PBXFrameworksBuildPhase section */
		44D3CF552B3A275700DAE5C9 /* Frameworks */ = {
			isa = PBXFrameworksBuildPhase;
			buildActionMask = 2147483647;
			files = (
			);
			runOnlyForDeploymentPostprocessing = 0;
		};
/* End PBXFrameworksBuildPhase section */

/* Begin PBXGroup section */
		442F36DF2B526BCE0013DC96 /* TestViews */ = {
			isa = PBXGroup;
			children = (
				442F36DD2B5205CD0013DC96 /* TestViewTwo.swift */,
				449C55D42B45FCFC005E1593 /* TestView.swift */,
				442F36EF2B5A0ABA0013DC96 /* record.swift */,
			);
			path = TestViews;
			sourceTree = "<group>";
		};
		442F36EC2B5734060013DC96 /* Assets */ = {
			isa = PBXGroup;
			children = (
				442F36EA2B5733ED0013DC96 /* AssetEthCellView.swift */,
				441D140D2B48FDDB00A051B7 /* AssetTokenCellView.swift */,
			);
			path = Assets;
			sourceTree = "<group>";
		};
		442F36F92B5E0A1D0013DC96 /* Extensions */ = {
			isa = PBXGroup;
			children = (
				442F36F72B5E0A070013DC96 /* Color.swift */,
			);
			path = Extensions;
			sourceTree = "<group>";
		};
		442F36FA2B5E0CD80013DC96 /* Core */ = {
			isa = PBXGroup;
			children = (
				442F36FB2B5E0CEA0013DC96 /* Components */,
			);
			path = Core;
			sourceTree = "<group>";
		};
		442F36FB2B5E0CEA0013DC96 /* Components */ = {
			isa = PBXGroup;
			children = (
				442F36FE2B5E0D530013DC96 /* CrossButtonView.swift */,
				442F37092B60396E0013DC96 /* LargeTitleView.swift */,
			);
			path = Components;
			sourceTree = "<group>";
		};
		442F37002B5E18910013DC96 /* Models */ = {
			isa = PBXGroup;
			children = (
				442F37012B5E19110013DC96 /* BalanceChartViewModel.swift */,
				442F37032B5ED66A0013DC96 /* WalletInfoViewModel.swift */,
				442F37072B6015C30013DC96 /* SharedDataModel.swift */,
			);
			path = Models;
			sourceTree = "<group>";
		};
		449C55C92B44E715005E1593 /* DifferentActivityCellViews */ = {
			isa = PBXGroup;
			children = (
				449C55C72B44776C005E1593 /* ActivityReceiveCell.swift */,
				449C55CA2B44F8D9005E1593 /* ActivitySendCell.swift */,
				449C55CC2B44F939005E1593 /* ActivitySwapCell.swift */,
				449C55CE2B44FA67005E1593 /* ActivityApproveCell.swift */,
			);
			path = DifferentActivityCellViews;
			sourceTree = "<group>";
		};
		44D3CF4F2B3A275700DAE5C9 = {
			isa = PBXGroup;
			children = (
				44D3CF5A2B3A275700DAE5C9 /* CryptoPortfolioTracker */,
				44D3CF592B3A275700DAE5C9 /* Products */,
			);
			sourceTree = "<group>";
		};
		44D3CF592B3A275700DAE5C9 /* Products */ = {
			isa = PBXGroup;
			children = (
				44D3CF582B3A275700DAE5C9 /* CryptoPortfolioTracker.app */,
			);
			name = Products;
			sourceTree = "<group>";
		};
		44D3CF5A2B3A275700DAE5C9 /* CryptoPortfolioTracker */ = {
			isa = PBXGroup;
			children = (
				44D3CF5B2B3A275700DAE5C9 /* CryptoPortfolioTrackerApp.swift */,
				44EB87442B47219800EBF063 /* StartView.swift */,
				441D140F2B49000300A051B7 /* BottomNavigationBarView.swift */,
				44D3CF5D2B3A275700DAE5C9 /* ContentView.swift */,
				442F36F32B5A0D410013DC96 /* BalanceChartView.swift */,
				442F36E02B526CA90013DC96 /* ChartTabView.swift */,
				442F37002B5E18910013DC96 /* Models */,
				442F36F92B5E0A1D0013DC96 /* Extensions */,
				442F36FA2B5E0CD80013DC96 /* Core */,
				442F36DF2B526BCE0013DC96 /* TestViews */,
				44F3D63A2B43442400801719 /* VIews */,
				44D3CF6D2B3BD02000DAE5C9 /* API calls */,
				442F36ED2B58B4160013DC96 /* CustomizedWidges.swift */,
				441D140B2B48FAAF00A051B7 /* formatters.swift */,
				44D3CF722B3BE7DE00DAE5C9 /* Errors.swift */,
				44D3CF702B3BE48B00DAE5C9 /* confi.swift */,
				44D3CF5F2B3A275800DAE5C9 /* Assets.xcassets */,
				44D3CF612B3A275800DAE5C9 /* Preview Content */,
			);
			path = CryptoPortfolioTracker;
			sourceTree = "<group>";
		};
		44D3CF612B3A275800DAE5C9 /* Preview Content */ = {
			isa = PBXGroup;
			children = (
				44D3CF622B3A275800DAE5C9 /* Preview Assets.xcassets */,
			);
			path = "Preview Content";
			sourceTree = "<group>";
		};
		44D3CF6D2B3BD02000DAE5C9 /* API calls */ = {
			isa = PBXGroup;
			children = (
				44D3CF6E2B3BD06500DAE5C9 /* GetBalanceApi.swift */,
				44F3D6382B428EF800801719 /* GetActivitiesApi.swift */,
				44EB87482B47CF2100EBF063 /* GetWalletInfoApi.swift */,
				442F36E62B565A420013DC96 /* GetTokenImageApi.swift */,
			);
			path = "API calls";
			sourceTree = "<group>";
		};
		44F3D63A2B43442400801719 /* VIews */ = {
			isa = PBXGroup;
			children = (
				442F36E42B5604A70013DC96 /* AssetsView.swift */,
				441D14112B49040F00A051B7 /* SettingsView.swift */,
				44F3D63B2B43444600801719 /* AccountCellView.swift */,
				44F3D63F2B43ABAD00801719 /* AccountDetailView.swift */,
				442F370B2B6048540013DC96 /* BalanceView.swift */,
				4499E8A42B43DF500077CBEB /* AssetActivityTabView.swift */,
				4499E8A62B43E4EC0077CBEB /* ActivityView.swift */,
				442F36F52B5A36030013DC96 /* ActivityDetailView.swift */,
				449C55D82B463E3B005E1593 /* BottomSheetView.swift */,
				449C55D62B463DEE005E1593 /* ImportWalletView.swift */,
				442F36EC2B5734060013DC96 /* Assets */,
				449C55C92B44E715005E1593 /* DifferentActivityCellViews */,
			);
			path = VIews;
			sourceTree = "<group>";
		};
/* End PBXGroup section */

/* Begin PBXNativeTarget section */
		44D3CF572B3A275700DAE5C9 /* CryptoPortfolioTracker */ = {
			isa = PBXNativeTarget;
			buildConfigurationList = 44D3CF662B3A275800DAE5C9 /* Build configuration list for PBXNativeTarget "CryptoPortfolioTracker" */;
			buildPhases = (
				44D3CF542B3A275700DAE5C9 /* Sources */,
				44D3CF552B3A275700DAE5C9 /* Frameworks */,
				44D3CF562B3A275700DAE5C9 /* Resources */,
			);
			buildRules = (
			);
			dependencies = (
			);
			name = CryptoPortfolioTracker;
			productName = CryptoPortfolioTracker;
			productReference = 44D3CF582B3A275700DAE5C9 /* CryptoPortfolioTracker.app */;
			productType = "com.apple.product-type.application";
		};
/* End PBXNativeTarget section */

/* Begin PBXProject section */
		44D3CF502B3A275700DAE5C9 /* Project object */ = {
			isa = PBXProject;
			attributes = {
				BuildIndependentTargetsInParallel = 1;
				LastSwiftUpdateCheck = 1430;
				LastUpgradeCheck = 1430;
				TargetAttributes = {
					44D3CF572B3A275700DAE5C9 = {
						CreatedOnToolsVersion = 14.3.1;
					};
				};
			};
			buildConfigurationList = 44D3CF532B3A275700DAE5C9 /* Build configuration list for PBXProject "CryptoPortfolioTracker" */;
			compatibilityVersion = "Xcode 14.0";
			developmentRegion = en;
			hasScannedForEncodings = 0;
			knownRegions = (
				en,
				Base,
			);
			mainGroup = 44D3CF4F2B3A275700DAE5C9;
			productRefGroup = 44D3CF592B3A275700DAE5C9 /* Products */;
			projectDirPath = "";
			projectRoot = "";
			targets = (
				44D3CF572B3A275700DAE5C9 /* CryptoPortfolioTracker */,
			);
		};
/* End PBXProject section */

/* Begin PBXResourcesBuildPhase section */
		44D3CF562B3A275700DAE5C9 /* Resources */ = {
			isa = PBXResourcesBuildPhase;
			buildActionMask = 2147483647;
			files = (
				44D3CF632B3A275800DAE5C9 /* Preview Assets.xcassets in Resources */,
				44D3CF602B3A275800DAE5C9 /* Assets.xcassets in Resources */,
			);
			runOnlyForDeploymentPostprocessing = 0;
		};
/* End PBXResourcesBuildPhase section */

/* Begin PBXSourcesBuildPhase section */
		44D3CF542B3A275700DAE5C9 /* Sources */ = {
			isa = PBXSourcesBuildPhase;
			buildActionMask = 2147483647;
			files = (
				449C55C82B44776C005E1593 /* ActivityReceiveCell.swift in Sources */,
				442F36E72B565A420013DC96 /* GetTokenImageApi.swift in Sources */,
				44EB87452B47219800EBF063 /* StartView.swift in Sources */,
				449C55CD2B44F939005E1593 /* ActivitySwapCell.swift in Sources */,
				442F36F02B5A0ABA0013DC96 /* record.swift in Sources */,
				442F37042B5ED66A0013DC96 /* WalletInfoViewModel.swift in Sources */,
				4499E8A72B43E4EC0077CBEB /* ActivityView.swift in Sources */,
				4499E8A52B43DF500077CBEB /* AssetActivityTabView.swift in Sources */,
				441D140E2B48FDDB00A051B7 /* AssetTokenCellView.swift in Sources */,
				441D140C2B48FAAF00A051B7 /* formatters.swift in Sources */,
				442F36F82B5E0A070013DC96 /* Color.swift in Sources */,
				442F37022B5E19110013DC96 /* BalanceChartViewModel.swift in Sources */,
				442F370C2B6048540013DC96 /* BalanceView.swift in Sources */,
				442F36F42B5A0D410013DC96 /* BalanceChartView.swift in Sources */,
				44F3D63C2B43444600801719 /* AccountCellView.swift in Sources */,
				441D14102B49000300A051B7 /* BottomNavigationBarView.swift in Sources */,
				441D14122B49040F00A051B7 /* SettingsView.swift in Sources */,
				44D3CF712B3BE48B00DAE5C9 /* confi.swift in Sources */,
				442F36E12B526CA90013DC96 /* ChartTabView.swift in Sources */,
				449C55CF2B44FA67005E1593 /* ActivityApproveCell.swift in Sources */,
				44EB87492B47CF2100EBF063 /* GetWalletInfoApi.swift in Sources */,
				449C55D52B45FCFC005E1593 /* TestView.swift in Sources */,
				44D3CF5E2B3A275700DAE5C9 /* ContentView.swift in Sources */,
				442F36EB2B5733ED0013DC96 /* AssetEthCellView.swift in Sources */,
				442F36EE2B58B4160013DC96 /* CustomizedWidges.swift in Sources */,
				44D3CF6F2B3BD06500DAE5C9 /* GetBalanceApi.swift in Sources */,
				442F36FF2B5E0D530013DC96 /* CrossButtonView.swift in Sources */,
				442F36F62B5A36030013DC96 /* ActivityDetailView.swift in Sources */,
				442F37082B6015C30013DC96 /* SharedDataModel.swift in Sources */,
				449C55D92B463E3B005E1593 /* BottomSheetView.swift in Sources */,
				442F370A2B60396E0013DC96 /* LargeTitleView.swift in Sources */,
				44D3CF732B3BE7DE00DAE5C9 /* Errors.swift in Sources */,
				442F36E52B5604A70013DC96 /* AssetsView.swift in Sources */,
				449C55CB2B44F8D9005E1593 /* ActivitySendCell.swift in Sources */,
				449C55D72B463DEE005E1593 /* ImportWalletView.swift in Sources */,
				44F3D6402B43ABAD00801719 /* AccountDetailView.swift in Sources */,
				44F3D6392B428EF800801719 /* GetActivitiesApi.swift in Sources */,
				44D3CF5C2B3A275700DAE5C9 /* CryptoPortfolioTrackerApp.swift in Sources */,
				442F36DE2B5205CD0013DC96 /* TestViewTwo.swift in Sources */,
			);
			runOnlyForDeploymentPostprocessing = 0;
		};
/* End PBXSourcesBuildPhase section */

/* Begin XCBuildConfiguration section */
		44D3CF642B3A275800DAE5C9 /* Debug */ = {
			isa = XCBuildConfiguration;
			buildSettings = {
				ALWAYS_SEARCH_USER_PATHS = NO;
				CLANG_ANALYZER_NONNULL = YES;
				CLANG_ANALYZER_NUMBER_OBJECT_CONVERSION = YES_AGGRESSIVE;
				CLANG_CXX_LANGUAGE_STANDARD = "gnu++20";
				CLANG_ENABLE_MODULES = YES;
				CLANG_ENABLE_OBJC_ARC = YES;
				CLANG_ENABLE_OBJC_WEAK = YES;
				CLANG_WARN_BLOCK_CAPTURE_AUTORELEASING = YES;
				CLANG_WARN_BOOL_CONVERSION = YES;
				CLANG_WARN_COMMA = YES;
				CLANG_WARN_CONSTANT_CONVERSION = YES;
				CLANG_WARN_DEPRECATED_OBJC_IMPLEMENTATIONS = YES;
				CLANG_WARN_DIRECT_OBJC_ISA_USAGE = YES_ERROR;
				CLANG_WARN_DOCUMENTATION_COMMENTS = YES;
				CLANG_WARN_EMPTY_BODY = YES;
				CLANG_WARN_ENUM_CONVERSION = YES;
				CLANG_WARN_INFINITE_RECURSION = YES;
				CLANG_WARN_INT_CONVERSION = YES;
				CLANG_WARN_NON_LITERAL_NULL_CONVERSION = YES;
				CLANG_WARN_OBJC_IMPLICIT_RETAIN_SELF = YES;
				CLANG_WARN_OBJC_LITERAL_CONVERSION = YES;
				CLANG_WARN_OBJC_ROOT_CLASS = YES_ERROR;
				CLANG_WARN_QUOTED_INCLUDE_IN_FRAMEWORK_HEADER = YES;
				CLANG_WARN_RANGE_LOOP_ANALYSIS = YES;
				CLANG_WARN_STRICT_PROTOTYPES = YES;
				CLANG_WARN_SUSPICIOUS_MOVE = YES;
				CLANG_WARN_UNGUARDED_AVAILABILITY = YES_AGGRESSIVE;
				CLANG_WARN_UNREACHABLE_CODE = YES;
				CLANG_WARN__DUPLICATE_METHOD_MATCH = YES;
				COPY_PHASE_STRIP = NO;
				DEBUG_INFORMATION_FORMAT = dwarf;
				ENABLE_STRICT_OBJC_MSGSEND = YES;
				ENABLE_TESTABILITY = YES;
				GCC_C_LANGUAGE_STANDARD = gnu11;
				GCC_DYNAMIC_NO_PIC = NO;
				GCC_NO_COMMON_BLOCKS = YES;
				GCC_OPTIMIZATION_LEVEL = 0;
				GCC_PREPROCESSOR_DEFINITIONS = (
					"DEBUG=1",
					"$(inherited)",
				);
				GCC_WARN_64_TO_32_BIT_CONVERSION = YES;
				GCC_WARN_ABOUT_RETURN_TYPE = YES_ERROR;
				GCC_WARN_UNDECLARED_SELECTOR = YES;
				GCC_WARN_UNINITIALIZED_AUTOS = YES_AGGRESSIVE;
				GCC_WARN_UNUSED_FUNCTION = YES;
				GCC_WARN_UNUSED_VARIABLE = YES;
				IPHONEOS_DEPLOYMENT_TARGET = 16.4;
				MTL_ENABLE_DEBUG_INFO = INCLUDE_SOURCE;
				MTL_FAST_MATH = YES;
				ONLY_ACTIVE_ARCH = YES;
				SDKROOT = iphoneos;
				SWIFT_ACTIVE_COMPILATION_CONDITIONS = DEBUG;
				SWIFT_OPTIMIZATION_LEVEL = "-Onone";
			};
			name = Debug;
		};
		44D3CF652B3A275800DAE5C9 /* Release */ = {
			isa = XCBuildConfiguration;
			buildSettings = {
				ALWAYS_SEARCH_USER_PATHS = NO;
				CLANG_ANALYZER_NONNULL = YES;
				CLANG_ANALYZER_NUMBER_OBJECT_CONVERSION = YES_AGGRESSIVE;
				CLANG_CXX_LANGUAGE_STANDARD = "gnu++20";
				CLANG_ENABLE_MODULES = YES;
				CLANG_ENABLE_OBJC_ARC = YES;
				CLANG_ENABLE_OBJC_WEAK = YES;
				CLANG_WARN_BLOCK_CAPTURE_AUTORELEASING = YES;
				CLANG_WARN_BOOL_CONVERSION = YES;
				CLANG_WARN_COMMA = YES;
				CLANG_WARN_CONSTANT_CONVERSION = YES;
				CLANG_WARN_DEPRECATED_OBJC_IMPLEMENTATIONS = YES;
				CLANG_WARN_DIRECT_OBJC_ISA_USAGE = YES_ERROR;
				CLANG_WARN_DOCUMENTATION_COMMENTS = YES;
				CLANG_WARN_EMPTY_BODY = YES;
				CLANG_WARN_ENUM_CONVERSION = YES;
				CLANG_WARN_INFINITE_RECURSION = YES;
				CLANG_WARN_INT_CONVERSION = YES;
				CLANG_WARN_NON_LITERAL_NULL_CONVERSION = YES;
				CLANG_WARN_OBJC_IMPLICIT_RETAIN_SELF = YES;
				CLANG_WARN_OBJC_LITERAL_CONVERSION = YES;
				CLANG_WARN_OBJC_ROOT_CLASS = YES_ERROR;
				CLANG_WARN_QUOTED_INCLUDE_IN_FRAMEWORK_HEADER = YES;
				CLANG_WARN_RANGE_LOOP_ANALYSIS = YES;
				CLANG_WARN_STRICT_PROTOTYPES = YES;
				CLANG_WARN_SUSPICIOUS_MOVE = YES;
				CLANG_WARN_UNGUARDED_AVAILABILITY = YES_AGGRESSIVE;
				CLANG_WARN_UNREACHABLE_CODE = YES;
				CLANG_WARN__DUPLICATE_METHOD_MATCH = YES;
				COPY_PHASE_STRIP = NO;
				DEBUG_INFORMATION_FORMAT = "dwarf-with-dsym";
				ENABLE_NS_ASSERTIONS = NO;
				ENABLE_STRICT_OBJC_MSGSEND = YES;
				GCC_C_LANGUAGE_STANDARD = gnu11;
				GCC_NO_COMMON_BLOCKS = YES;
				GCC_WARN_64_TO_32_BIT_CONVERSION = YES;
				GCC_WARN_ABOUT_RETURN_TYPE = YES_ERROR;
				GCC_WARN_UNDECLARED_SELECTOR = YES;
				GCC_WARN_UNINITIALIZED_AUTOS = YES_AGGRESSIVE;
				GCC_WARN_UNUSED_FUNCTION = YES;
				GCC_WARN_UNUSED_VARIABLE = YES;
				IPHONEOS_DEPLOYMENT_TARGET = 16.4;
				MTL_ENABLE_DEBUG_INFO = NO;
				MTL_FAST_MATH = YES;
				SDKROOT = iphoneos;
				SWIFT_COMPILATION_MODE = wholemodule;
				SWIFT_OPTIMIZATION_LEVEL = "-O";
				VALIDATE_PRODUCT = YES;
			};
			name = Release;
		};
		44D3CF672B3A275800DAE5C9 /* Debug */ = {
			isa = XCBuildConfiguration;
			buildSettings = {
				ASSETCATALOG_COMPILER_APPICON_NAME = AppIcon;
				ASSETCATALOG_COMPILER_GLOBAL_ACCENT_COLOR_NAME = AccentColor;
				CODE_SIGN_STYLE = Automatic;
				CURRENT_PROJECT_VERSION = 1;
				DEVELOPMENT_ASSET_PATHS = "\"CryptoPortfolioTracker/Preview Content\"";
				DEVELOPMENT_TEAM = DQTMK46VJQ;
				ENABLE_PREVIEWS = YES;
				GENERATE_INFOPLIST_FILE = YES;
				INFOPLIST_KEY_UIApplicationSceneManifest_Generation = YES;
				INFOPLIST_KEY_UIApplicationSupportsIndirectInputEvents = YES;
				INFOPLIST_KEY_UILaunchScreen_Generation = YES;
				INFOPLIST_KEY_UISupportedInterfaceOrientations = UIInterfaceOrientationPortrait;
				INFOPLIST_KEY_UISupportedInterfaceOrientations_iPad = "UIInterfaceOrientationPortrait UIInterfaceOrientationPortraitUpsideDown";
				LD_RUNPATH_SEARCH_PATHS = (
					"$(inherited)",
					"@executable_path/Frameworks",
				);
				MARKETING_VERSION = 1.0;
				PRODUCT_BUNDLE_IDENTIFIER = ZhendongChen.CryptoPortfolioTracker;
				PRODUCT_NAME = "$(TARGET_NAME)";
				SWIFT_EMIT_LOC_STRINGS = YES;
				SWIFT_VERSION = 5.0;
				TARGETED_DEVICE_FAMILY = "1,2";
			};
			name = Debug;
		};
		44D3CF682B3A275800DAE5C9 /* Release */ = {
			isa = XCBuildConfiguration;
			buildSettings = {
				ASSETCATALOG_COMPILER_APPICON_NAME = AppIcon;
				ASSETCATALOG_COMPILER_GLOBAL_ACCENT_COLOR_NAME = AccentColor;
				CODE_SIGN_STYLE = Automatic;
				CURRENT_PROJECT_VERSION = 1;
				DEVELOPMENT_ASSET_PATHS = "\"CryptoPortfolioTracker/Preview Content\"";
				DEVELOPMENT_TEAM = DQTMK46VJQ;
				ENABLE_PREVIEWS = YES;
				GENERATE_INFOPLIST_FILE = YES;
				INFOPLIST_KEY_UIApplicationSceneManifest_Generation = YES;
				INFOPLIST_KEY_UIApplicationSupportsIndirectInputEvents = YES;
				INFOPLIST_KEY_UILaunchScreen_Generation = YES;
				INFOPLIST_KEY_UISupportedInterfaceOrientations = UIInterfaceOrientationPortrait;
				INFOPLIST_KEY_UISupportedInterfaceOrientations_iPad = "UIInterfaceOrientationPortrait UIInterfaceOrientationPortraitUpsideDown";
				LD_RUNPATH_SEARCH_PATHS = (
					"$(inherited)",
					"@executable_path/Frameworks",
				);
				MARKETING_VERSION = 1.0;
				PRODUCT_BUNDLE_IDENTIFIER = ZhendongChen.CryptoPortfolioTracker;
				PRODUCT_NAME = "$(TARGET_NAME)";
				SWIFT_EMIT_LOC_STRINGS = YES;
				SWIFT_VERSION = 5.0;
				TARGETED_DEVICE_FAMILY = "1,2";
			};
			name = Release;
		};
/* End XCBuildConfiguration section */

/* Begin XCConfigurationList section */
		44D3CF532B3A275700DAE5C9 /* Build configuration list for PBXProject "CryptoPortfolioTracker" */ = {
			isa = XCConfigurationList;
			buildConfigurations = (
				44D3CF642B3A275800DAE5C9 /* Debug */,
				44D3CF652B3A275800DAE5C9 /* Release */,
			);
			defaultConfigurationIsVisible = 0;
			defaultConfigurationName = Release;
		};
		44D3CF662B3A275800DAE5C9 /* Build configuration list for PBXNativeTarget "CryptoPortfolioTracker" */ = {
			isa = XCConfigurationList;
			buildConfigurations = (
				44D3CF672B3A275800DAE5C9 /* Debug */,
				44D3CF682B3A275800DAE5C9 /* Release */,
			);
			defaultConfigurationIsVisible = 0;
			defaultConfigurationName = Release;
		};
/* End XCConfigurationList section */
	};
	rootObject = 44D3CF502B3A275700DAE5C9 /* Project object */;
}
